
Microsoft Visual Studio Solution File, Format Version 12.00
# Visual Studio 15
VisualStudioVersion = 15.0.27428.2027
MinimumVisualStudioVersion = 10.0.40219.1
Project("{262852C6-CD72-467D-83FE-5EEB1973A190}") = "WinJS ListView", "WinJS ListView\WinJS ListView.jsproj", "{8969978E-811F-4F54-82BC-424137FED247}"
EndProject
Project("{2150E333-8FDC-42A3-9474-1A3956D46DE8}") = "Documents", "Documents", "{59B2B8FA-B4A6-4B7E-8F12-194BAC91B4D8}"
	ProjectSection(SolutionItems) = preProject
		Readme.txt = Readme.txt
	EndProjectSection
EndProject
Global
	GlobalSection(SolutionConfigurationPlatforms) = preSolution
		Debug|Any CPU = Debug|Any CPU
		Debug|ARM = Debug|ARM
		Debug|x64 = Debug|x64
		Debug|x86 = Debug|x86
		Release|Any CPU = Release|Any CPU
		Release|ARM = Release|ARM
		Release|x64 = Release|x64
		Release|x86 = Release|x86
	EndGlobalSection
	GlobalSection(ProjectConfigurationPlatforms) = postSolution
		{8969978E-811F-4F54-82BC-424137FED247}.Debug|Any CPU.ActiveCfg = Debug|Any CPU
		{8969978E-811F-4F54-82BC-424137FED247}.Debug|Any CPU.Build.0 = Debug|Any CPU
		{8969978E-811F-4F54-82BC-424137FED247}.Debug|Any CPU.Deploy.0 = Debug|Any CPU
		{8969978E-811F-4F54-82BC-424137FED247}.Debug|ARM.ActiveCfg = Debug|ARM
		{8969978E-811F-4F54-82BC-424137FED247}.Debug|ARM.Build.0 = Debug|ARM
		{8969978E-811F-4F54-82BC-424137FED247}.Debug|ARM.Deploy.0 = Debug|ARM
		{8969978E-811F-4F54-82BC-424137FED247}.Debug|x64.ActiveCfg = Debug|x64
		{8969978E-811F-4F54-82BC-424137FED247}.Debug|x64.Build.0 = Debug|x64
		{8969978E-811F-4F54-82BC-424137FED247}.Debug|x64.Deploy.0 = Debug|x64
		{8969978E-811F-4F54-82BC-424137FED247}.Debug|x86.ActiveCfg = Debug|x86
		{8969978E-811F-4F54-82BC-424137FED247}.Debug|x86.Build.0 = Debug|x86
		{8969978E-811F-4F54-82BC-424137FED247}.Debug|x86.Deploy.0 = Debug|x86
		{8969978E-811F-4F54-82BC-424137FED247}.Release|Any CPU.ActiveCfg = Release|Any CPU
		{8969978E-811F-4F54-82BC-424137FED247}.Release|Any CPU.Build.0 = Release|Any CPU
		{8969978E-811F-4F54-82BC-424137FED247}.Release|Any CPU.Deploy.0 = Release|Any CPU
		{8969978E-811F-4F54-82BC-424137FED247}.Release|ARM.ActiveCfg = Release|ARM
		{8969978E-811F-4F54-82BC-424137FED247}.Release|ARM.Build.0 = Release|ARM
		{8969978E-811F-4F54-82BC-424137FED247}.Release|ARM.Deploy.0 = Release|ARM
		{8969978E-811F-4F54-82BC-424137FED247}.Release|x64.ActiveCfg = Release|x64
		{8969978E-811F-4F54-82BC-424137FED247}.Release|x64.Build.0 = Release|x64
		{8969978E-811F-4F54-82BC-424137FED247}.Release|x64.Deploy.0 = Release|x64
		{8969978E-811F-4F54-82BC-424137FED247}.Release|x86.ActiveCfg = Release|x86
		{8969978E-811F-4F54-82BC-424137FED247}.Release|x86.Build.0 = Release|x86
		{8969978E-811F-4F54-82BC-424137FED247}.Release|x86.Deploy.0 = Release|x86
	EndGlobalSection
	GlobalSection(SolutionProperties) = preSolution
		HideSolutionNode = FALSE
	EndGlobalSection
	GlobalSection(ExtensibilityGlobals) = postSolution
		SolutionGuid = {BA9B553C-1AC3-435F-A2AE-C9E7B065CC9D}
	EndGlobalSection
EndGlobal
